
Microsoft Visual Studio Solution File, Format Version 12.00
# Visual Studio Version 17
VisualStudioVersion = 17.3.32922.545
MinimumVisualStudioVersion = 10.0.40219.1
Project("{FAE04EC0-301F-11D3-BF4B-00C04F79EFBC}") = "To-do.Framework", "To-do.Framework.csproj", "{8C1752D7-A3FD-4C62-8415-39DE5E9D801A}"
EndProject
Global
	GlobalSection(SolutionConfigurationPlatforms) = preSolution
		Debug|Any CPU = Debug|Any CPU
		Release|Any CPU = Release|Any CPU
	EndGlobalSection
	GlobalSection(ProjectConfigurationPlatforms) = postSolution
		{8C1752D7-A3FD-4C62-8415-39DE5E9D801A}.Debug|Any CPU.ActiveCfg = Debug|Any CPU
		{8C1752D7-A3FD-4C62-8415-39DE5E9D801A}.Debug|Any CPU.Build.0 = Debug|Any CPU
		{8C1752D7-A3FD-4C62-8415-39DE5E9D801A}.Release|Any CPU.ActiveCfg = Release|Any CPU
		{8C1752D7-A3FD-4C62-8415-39DE5E9D801A}.Release|Any CPU.Build.0 = Release|Any CPU
	EndGlobalSection
	GlobalSection(SolutionProperties) = preSolution
		HideSolutionNode = FALSE
	EndGlobalSection
	GlobalSection(ExtensibilityGlobals) = postSolution
		SolutionGuid = {41AE8958-25A1-4BE1-AE56-6AD2FE60E0D9}
	EndGlobalSection
EndGlobal
